
Microsoft Visual Studio Solution File, Format Version 12.00
# Visual Studio Version 16
VisualStudioVersion = 16.0.29009.5
MinimumVisualStudioVersion = 10.0.40219.1
Project("{FAE04EC0-301F-11D3-BF4B-00C04F79EFBC}") = "Cage", "Cage\Cage.csproj", "{0EF886FE-E954-4192-BF8F-1BE791917CB4}"
EndProject
Global
	GlobalSection(SolutionConfigurationPlatforms) = preSolution
		Debug|Any CPU = Debug|Any CPU
		Release|Any CPU = Release|Any CPU
	EndGlobalSection
	GlobalSection(ProjectConfigurationPlatforms) = postSolution
		{0EF886FE-E954-4192-BF8F-1BE791917CB4}.Debug|Any CPU.ActiveCfg = Debug|Any CPU
		{0EF886FE-E954-4192-BF8F-1BE791917CB4}.Debug|Any CPU.Build.0 = Debug|Any CPU
		{0EF886FE-E954-4192-BF8F-1BE791917CB4}.Release|Any CPU.ActiveCfg = Release|Any CPU
		{0EF886FE-E954-4192-BF8F-1BE791917CB4}.Release|Any CPU.Build.0 = Release|Any CPU
	EndGlobalSection
	GlobalSection(SolutionProperties) = preSolution
		HideSolutionNode = FALSE
	EndGlobalSection
	GlobalSection(ExtensibilityGlobals) = postSolution
		SolutionGuid = {927B8B4F-8E09-4B80-996A-A27186F2D6DB}
	EndGlobalSection
EndGlobal
